
Microsoft Visual Studio Solution File, Format Version 12.00
# Visual Studio 15
VisualStudioVersion = 15.0.28010.2026
MinimumVisualStudioVersion = 10.0.40219.1
Project("{FAE04EC0-301F-11D3-BF4B-00C04F79EFBC}") = "fizzbuzz", "cours\fizzbuzz.csproj", "{B8AAE765-AFC1-4E91-A9D5-9808D160AD9A}"
EndProject
Project("{FAE04EC0-301F-11D3-BF4B-00C04F79EFBC}") = "plusmoin", "plusmoin\plusmoin.csproj", "{F5E171AD-EFBD-43A2-86F8-F9DD881A2071}"
EndProject
Project("{FAE04EC0-301F-11D3-BF4B-00C04F79EFBC}") = "doublon", "doublon\doublon.csproj", "{4461304E-F3C5-4E4A-BFEA-E5EC874A415D}"
EndProject
Project("{FAE04EC0-301F-11D3-BF4B-00C04F79EFBC}") = "biblio", "biblio\biblio.csproj", "{1D62D308-DB65-44CB-BCD4-0B5A68CFF2B7}"
EndProject
Project("{FAE04EC0-301F-11D3-BF4B-00C04F79EFBC}") = "wheeeee", "wheeeee\wheeeee.csproj", "{C87B4D0D-3BE9-4E74-815E-85EA4C441382}"
EndProject
Project("{FAE04EC0-301F-11D3-BF4B-00C04F79EFBC}") = "calculatrice", "calculatrice\calculatrice.csproj", "{3BE2DB01-2D96-40D7-878B-9DC0B83F4FFD}"
EndProject
Project("{FAE04EC0-301F-11D3-BF4B-00C04F79EFBC}") = "chifoumi", "chifoumi\chifoumi.csproj", "{003ED254-52CD-4443-83E9-FFAB33B5BA10}"
EndProject
Project("{FAE04EC0-301F-11D3-BF4B-00C04F79EFBC}") = "pivot", "pivot\pivot.csproj", "{DB3AA272-8081-4345-A508-CBD79C10B380}"
EndProject
Project("{FAE04EC0-301F-11D3-BF4B-00C04F79EFBC}") = "menagerie", "menagerie\menagerie.csproj", "{5F29CF90-6A38-4CB3-8421-56B29BF7675E}"
EndProject
Project("{2150E333-8FDC-42A3-9474-1A3956D46DE8}") = "Fini", "Fini", "{416B3616-28EC-4072-893E-63FA41013219}"
EndProject
Project("{FAE04EC0-301F-11D3-BF4B-00C04F79EFBC}") = "mastermind", "mastermind\mastermind.csproj", "{F7F36A52-7BE3-4F03-B919-30570717DDBD}"
EndProject
Project("{2150E333-8FDC-42A3-9474-1A3956D46DE8}") = "DM", "DM", "{139DC9F8-567B-4705-8D37-8DE598D6221B}"
EndProject
Project("{FAE04EC0-301F-11D3-BF4B-00C04F79EFBC}") = "Chiffrement", "Chiffrement\Chiffrement.csproj", "{DC89E8FE-25A6-49EC-9A52-700B74E9ED2D}"
EndProject
Project("{FAE04EC0-301F-11D3-BF4B-00C04F79EFBC}") = "ChiffrementCorrection", "ChiffrementCorrection\ChiffrementCorrection.csproj", "{05F3EAC8-D24E-4918-9034-C6EF3F6462EB}"
EndProject
Project("{FAE04EC0-301F-11D3-BF4B-00C04F79EFBC}") = "MonCode", "MonCode\MonCode.csproj", "{28B25C2A-B5FA-4672-97C8-3AEC72087745}"
EndProject
Project("{2150E333-8FDC-42A3-9474-1A3956D46DE8}") = "Test Unitaire", "Test Unitaire", "{E282768C-C18B-4DD9-9E86-FA33F87ABD53}"
EndProject
Project("{FAE04EC0-301F-11D3-BF4B-00C04F79EFBC}") = "MonCode.UnitTests", "MonCode.UnitTests\MonCode.UnitTests.csproj", "{AACCD3E5-2281-4E88-8EC2-6E5D61939B61}"
EndProject
Project("{2150E333-8FDC-42A3-9474-1A3956D46DE8}") = "DM2", "DM2", "{97DA250D-2BAC-4F2B-95AA-00D85C7D0DC7}"
	ProjectSection(SolutionItems) = preProject
		Consigne.md = Consigne.md
	EndProjectSection
EndProject
Project("{FAE04EC0-301F-11D3-BF4B-00C04F79EFBC}") = "Exercice_9_1", "Exercice_9_1\Exercice_9_1.csproj", "{E6A82766-DCF9-4B15-B52D-49D4845E8712}"
EndProject
Project("{FAE04EC0-301F-11D3-BF4B-00C04F79EFBC}") = "Exercice_9_1.UnitTests", "Exercice_9_1.UnitTests\Exercice_9_1.UnitTests.csproj", "{5B3263EA-5F42-4A6F-9739-A6D6B39D897B}"
EndProject
Project("{FAE04EC0-301F-11D3-BF4B-00C04F79EFBC}") = "Exercice_9_1.Fake", "Exercice_9_1.Fake\Exercice_9_1.Fake.csproj", "{EC787374-1853-4E2F-A42F-981728881AE0}"
EndProject
Project("{FAE04EC0-301F-11D3-BF4B-00C04F79EFBC}") = "Exercice_9_1.Dll", "Exercice_9_1.Dll\Exercice_9_1.Dll.csproj", "{1E3176E9-527F-4176-A1DD-3254E23599E5}"
EndProject
Project("{FAE04EC0-301F-11D3-BF4B-00C04F79EFBC}") = "CodingGame_TicTacToe", "CodingGame_TicTacToe\CodingGame_TicTacToe.csproj", "{1B85C664-DB57-407E-9459-6C72CA0D5475}"
EndProject
Project("{2150E333-8FDC-42A3-9474-1A3956D46DE8}") = "TicTacToe", "TicTacToe", "{24EF53EB-017F-4043-AA92-4F8043B7FD97}"
EndProject
Project("{FAE04EC0-301F-11D3-BF4B-00C04F79EFBC}") = "CodingGame_TicTacToe.Tests", "CodingGame_TicTacToe.Tests\CodingGame_TicTacToe.Tests.csproj", "{8C9FB917-20EB-4F40-B87A-DC420AA05612}"
EndProject
Project("{2150E333-8FDC-42A3-9474-1A3956D46DE8}") = "Jeu de damme", "Jeu de damme", "{0B3857DA-A39B-4388-9159-9231CA9DCDD6}"
EndProject
Project("{FAE04EC0-301F-11D3-BF4B-00C04F79EFBC}") = "Damme", "Damme\Damme.csproj", "{EC142763-62E1-49BF-8293-E23DABA4FD12}"
EndProject
Global
	GlobalSection(SolutionConfigurationPlatforms) = preSolution
		Debug|Any CPU = Debug|Any CPU
		Release|Any CPU = Release|Any CPU
	EndGlobalSection
	GlobalSection(ProjectConfigurationPlatforms) = postSolution
		{B8AAE765-AFC1-4E91-A9D5-9808D160AD9A}.Debug|Any CPU.ActiveCfg = Debug|Any CPU
		{B8AAE765-AFC1-4E91-A9D5-9808D160AD9A}.Debug|Any CPU.Build.0 = Debug|Any CPU
		{B8AAE765-AFC1-4E91-A9D5-9808D160AD9A}.Release|Any CPU.ActiveCfg = Release|Any CPU
		{B8AAE765-AFC1-4E91-A9D5-9808D160AD9A}.Release|Any CPU.Build.0 = Release|Any CPU
		{F5E171AD-EFBD-43A2-86F8-F9DD881A2071}.Debug|Any CPU.ActiveCfg = Debug|Any CPU
		{F5E171AD-EFBD-43A2-86F8-F9DD881A2071}.Debug|Any CPU.Build.0 = Debug|Any CPU
		{F5E171AD-EFBD-43A2-86F8-F9DD881A2071}.Release|Any CPU.ActiveCfg = Release|Any CPU
		{F5E171AD-EFBD-43A2-86F8-F9DD881A2071}.Release|Any CPU.Build.0 = Release|Any CPU
		{4461304E-F3C5-4E4A-BFEA-E5EC874A415D}.Debug|Any CPU.ActiveCfg = Debug|Any CPU
		{4461304E-F3C5-4E4A-BFEA-E5EC874A415D}.Debug|Any CPU.Build.0 = Debug|Any CPU
		{4461304E-F3C5-4E4A-BFEA-E5EC874A415D}.Release|Any CPU.ActiveCfg = Release|Any CPU
		{4461304E-F3C5-4E4A-BFEA-E5EC874A415D}.Release|Any CPU.Build.0 = Release|Any CPU
		{1D62D308-DB65-44CB-BCD4-0B5A68CFF2B7}.Debug|Any CPU.ActiveCfg = Debug|Any CPU
		{1D62D308-DB65-44CB-BCD4-0B5A68CFF2B7}.Debug|Any CPU.Build.0 = Debug|Any CPU
		{1D62D308-DB65-44CB-BCD4-0B5A68CFF2B7}.Release|Any CPU.ActiveCfg = Release|Any CPU
		{1D62D308-DB65-44CB-BCD4-0B5A68CFF2B7}.Release|Any CPU.Build.0 = Release|Any CPU
		{C87B4D0D-3BE9-4E74-815E-85EA4C441382}.Debug|Any CPU.ActiveCfg = Debug|Any CPU
		{C87B4D0D-3BE9-4E74-815E-85EA4C441382}.Debug|Any CPU.Build.0 = Debug|Any CPU
		{C87B4D0D-3BE9-4E74-815E-85EA4C441382}.Release|Any CPU.ActiveCfg = Release|Any CPU
		{C87B4D0D-3BE9-4E74-815E-85EA4C441382}.Release|Any CPU.Build.0 = Release|Any CPU
		{3BE2DB01-2D96-40D7-878B-9DC0B83F4FFD}.Debug|Any CPU.ActiveCfg = Debug|Any CPU
		{3BE2DB01-2D96-40D7-878B-9DC0B83F4FFD}.Debug|Any CPU.Build.0 = Debug|Any CPU
		{3BE2DB01-2D96-40D7-878B-9DC0B83F4FFD}.Release|Any CPU.ActiveCfg = Release|Any CPU
		{3BE2DB01-2D96-40D7-878B-9DC0B83F4FFD}.Release|Any CPU.Build.0 = Release|Any CPU
		{003ED254-52CD-4443-83E9-FFAB33B5BA10}.Debug|Any CPU.ActiveCfg = Debug|Any CPU
		{003ED254-52CD-4443-83E9-FFAB33B5BA10}.Debug|Any CPU.Build.0 = Debug|Any CPU
		{003ED254-52CD-4443-83E9-FFAB33B5BA10}.Release|Any CPU.ActiveCfg = Release|Any CPU
		{003ED254-52CD-4443-83E9-FFAB33B5BA10}.Release|Any CPU.Build.0 = Release|Any CPU
		{DB3AA272-8081-4345-A508-CBD79C10B380}.Debug|Any CPU.ActiveCfg = Debug|Any CPU
		{DB3AA272-8081-4345-A508-CBD79C10B380}.Debug|Any CPU.Build.0 = Debug|Any CPU
		{DB3AA272-8081-4345-A508-CBD79C10B380}.Release|Any CPU.ActiveCfg = Release|Any CPU
		{DB3AA272-8081-4345-A508-CBD79C10B380}.Release|Any CPU.Build.0 = Release|Any CPU
		{5F29CF90-6A38-4CB3-8421-56B29BF7675E}.Debug|Any CPU.ActiveCfg = Debug|Any CPU
		{5F29CF90-6A38-4CB3-8421-56B29BF7675E}.Debug|Any CPU.Build.0 = Debug|Any CPU
		{5F29CF90-6A38-4CB3-8421-56B29BF7675E}.Release|Any CPU.ActiveCfg = Release|Any CPU
		{5F29CF90-6A38-4CB3-8421-56B29BF7675E}.Release|Any CPU.Build.0 = Release|Any CPU
		{F7F36A52-7BE3-4F03-B919-30570717DDBD}.Debug|Any CPU.ActiveCfg = Debug|Any CPU
		{F7F36A52-7BE3-4F03-B919-30570717DDBD}.Debug|Any CPU.Build.0 = Debug|Any CPU
		{F7F36A52-7BE3-4F03-B919-30570717DDBD}.Release|Any CPU.ActiveCfg = Release|Any CPU
		{F7F36A52-7BE3-4F03-B919-30570717DDBD}.Release|Any CPU.Build.0 = Release|Any CPU
		{DC89E8FE-25A6-49EC-9A52-700B74E9ED2D}.Debug|Any CPU.ActiveCfg = Debug|Any CPU
		{DC89E8FE-25A6-49EC-9A52-700B74E9ED2D}.Debug|Any CPU.Build.0 = Debug|Any CPU
		{DC89E8FE-25A6-49EC-9A52-700B74E9ED2D}.Release|Any CPU.ActiveCfg = Release|Any CPU
		{DC89E8FE-25A6-49EC-9A52-700B74E9ED2D}.Release|Any CPU.Build.0 = Release|Any CPU
		{05F3EAC8-D24E-4918-9034-C6EF3F6462EB}.Debug|Any CPU.ActiveCfg = Debug|Any CPU
		{05F3EAC8-D24E-4918-9034-C6EF3F6462EB}.Debug|Any CPU.Build.0 = Debug|Any CPU
		{05F3EAC8-D24E-4918-9034-C6EF3F6462EB}.Release|Any CPU.ActiveCfg = Release|Any CPU
		{05F3EAC8-D24E-4918-9034-C6EF3F6462EB}.Release|Any CPU.Build.0 = Release|Any CPU
		{28B25C2A-B5FA-4672-97C8-3AEC72087745}.Debug|Any CPU.ActiveCfg = Debug|Any CPU
		{28B25C2A-B5FA-4672-97C8-3AEC72087745}.Debug|Any CPU.Build.0 = Debug|Any CPU
		{28B25C2A-B5FA-4672-97C8-3AEC72087745}.Release|Any CPU.ActiveCfg = Release|Any CPU
		{28B25C2A-B5FA-4672-97C8-3AEC72087745}.Release|Any CPU.Build.0 = Release|Any CPU
		{AACCD3E5-2281-4E88-8EC2-6E5D61939B61}.Debug|Any CPU.ActiveCfg = Debug|Any CPU
		{AACCD3E5-2281-4E88-8EC2-6E5D61939B61}.Debug|Any CPU.Build.0 = Debug|Any CPU
		{AACCD3E5-2281-4E88-8EC2-6E5D61939B61}.Release|Any CPU.ActiveCfg = Release|Any CPU
		{AACCD3E5-2281-4E88-8EC2-6E5D61939B61}.Release|Any CPU.Build.0 = Release|Any CPU
		{E6A82766-DCF9-4B15-B52D-49D4845E8712}.Debug|Any CPU.ActiveCfg = Debug|Any CPU
		{E6A82766-DCF9-4B15-B52D-49D4845E8712}.Debug|Any CPU.Build.0 = Debug|Any CPU
		{E6A82766-DCF9-4B15-B52D-49D4845E8712}.Release|Any CPU.ActiveCfg = Release|Any CPU
		{E6A82766-DCF9-4B15-B52D-49D4845E8712}.Release|Any CPU.Build.0 = Release|Any CPU
		{5B3263EA-5F42-4A6F-9739-A6D6B39D897B}.Debug|Any CPU.ActiveCfg = Debug|Any CPU
		{5B3263EA-5F42-4A6F-9739-A6D6B39D897B}.Debug|Any CPU.Build.0 = Debug|Any CPU
		{5B3263EA-5F42-4A6F-9739-A6D6B39D897B}.Release|Any CPU.ActiveCfg = Release|Any CPU
		{5B3263EA-5F42-4A6F-9739-A6D6B39D897B}.Release|Any CPU.Build.0 = Release|Any CPU
		{EC787374-1853-4E2F-A42F-981728881AE0}.Debug|Any CPU.ActiveCfg = Debug|Any CPU
		{EC787374-1853-4E2F-A42F-981728881AE0}.Debug|Any CPU.Build.0 = Debug|Any CPU
		{EC787374-1853-4E2F-A42F-981728881AE0}.Release|Any CPU.ActiveCfg = Release|Any CPU
		{EC787374-1853-4E2F-A42F-981728881AE0}.Release|Any CPU.Build.0 = Release|Any CPU
		{1E3176E9-527F-4176-A1DD-3254E23599E5}.Debug|Any CPU.ActiveCfg = Debug|Any CPU
		{1E3176E9-527F-4176-A1DD-3254E23599E5}.Debug|Any CPU.Build.0 = Debug|Any CPU
		{1E3176E9-527F-4176-A1DD-3254E23599E5}.Release|Any CPU.ActiveCfg = Release|Any CPU
		{1E3176E9-527F-4176-A1DD-3254E23599E5}.Release|Any CPU.Build.0 = Release|Any CPU
		{1B85C664-DB57-407E-9459-6C72CA0D5475}.Debug|Any CPU.ActiveCfg = Debug|Any CPU
		{1B85C664-DB57-407E-9459-6C72CA0D5475}.Debug|Any CPU.Build.0 = Debug|Any CPU
		{1B85C664-DB57-407E-9459-6C72CA0D5475}.Release|Any CPU.ActiveCfg = Release|Any CPU
		{1B85C664-DB57-407E-9459-6C72CA0D5475}.Release|Any CPU.Build.0 = Release|Any CPU
		{8C9FB917-20EB-4F40-B87A-DC420AA05612}.Debug|Any CPU.ActiveCfg = Debug|Any CPU
		{8C9FB917-20EB-4F40-B87A-DC420AA05612}.Debug|Any CPU.Build.0 = Debug|Any CPU
		{8C9FB917-20EB-4F40-B87A-DC420AA05612}.Release|Any CPU.ActiveCfg = Release|Any CPU
		{8C9FB917-20EB-4F40-B87A-DC420AA05612}.Release|Any CPU.Build.0 = Release|Any CPU
		{EC142763-62E1-49BF-8293-E23DABA4FD12}.Debug|Any CPU.ActiveCfg = Debug|Any CPU
		{EC142763-62E1-49BF-8293-E23DABA4FD12}.Debug|Any CPU.Build.0 = Debug|Any CPU
		{EC142763-62E1-49BF-8293-E23DABA4FD12}.Release|Any CPU.ActiveCfg = Release|Any CPU
		{EC142763-62E1-49BF-8293-E23DABA4FD12}.Release|Any CPU.Build.0 = Release|Any CPU
	EndGlobalSection
	GlobalSection(SolutionProperties) = preSolution
		HideSolutionNode = FALSE
	EndGlobalSection
	GlobalSection(NestedProjects) = preSolution
		{B8AAE765-AFC1-4E91-A9D5-9808D160AD9A} = {416B3616-28EC-4072-893E-63FA41013219}
		{F5E171AD-EFBD-43A2-86F8-F9DD881A2071} = {416B3616-28EC-4072-893E-63FA41013219}
		{4461304E-F3C5-4E4A-BFEA-E5EC874A415D} = {416B3616-28EC-4072-893E-63FA41013219}
		{1D62D308-DB65-44CB-BCD4-0B5A68CFF2B7} = {416B3616-28EC-4072-893E-63FA41013219}
		{C87B4D0D-3BE9-4E74-815E-85EA4C441382} = {416B3616-28EC-4072-893E-63FA41013219}
		{3BE2DB01-2D96-40D7-878B-9DC0B83F4FFD} = {416B3616-28EC-4072-893E-63FA41013219}
		{003ED254-52CD-4443-83E9-FFAB33B5BA10} = {139DC9F8-567B-4705-8D37-8DE598D6221B}
		{DB3AA272-8081-4345-A508-CBD79C10B380} = {416B3616-28EC-4072-893E-63FA41013219}
		{5F29CF90-6A38-4CB3-8421-56B29BF7675E} = {139DC9F8-567B-4705-8D37-8DE598D6221B}
		{F7F36A52-7BE3-4F03-B919-30570717DDBD} = {139DC9F8-567B-4705-8D37-8DE598D6221B}
		{DC89E8FE-25A6-49EC-9A52-700B74E9ED2D} = {416B3616-28EC-4072-893E-63FA41013219}
		{05F3EAC8-D24E-4918-9034-C6EF3F6462EB} = {416B3616-28EC-4072-893E-63FA41013219}
		{28B25C2A-B5FA-4672-97C8-3AEC72087745} = {E282768C-C18B-4DD9-9E86-FA33F87ABD53}
		{AACCD3E5-2281-4E88-8EC2-6E5D61939B61} = {E282768C-C18B-4DD9-9E86-FA33F87ABD53}
		{E6A82766-DCF9-4B15-B52D-49D4845E8712} = {97DA250D-2BAC-4F2B-95AA-00D85C7D0DC7}
		{5B3263EA-5F42-4A6F-9739-A6D6B39D897B} = {97DA250D-2BAC-4F2B-95AA-00D85C7D0DC7}
		{EC787374-1853-4E2F-A42F-981728881AE0} = {97DA250D-2BAC-4F2B-95AA-00D85C7D0DC7}
		{1E3176E9-527F-4176-A1DD-3254E23599E5} = {97DA250D-2BAC-4F2B-95AA-00D85C7D0DC7}
		{1B85C664-DB57-407E-9459-6C72CA0D5475} = {24EF53EB-017F-4043-AA92-4F8043B7FD97}
		{8C9FB917-20EB-4F40-B87A-DC420AA05612} = {24EF53EB-017F-4043-AA92-4F8043B7FD97}
		{EC142763-62E1-49BF-8293-E23DABA4FD12} = {0B3857DA-A39B-4388-9159-9231CA9DCDD6}
	EndGlobalSection
	GlobalSection(ExtensibilityGlobals) = postSolution
		SolutionGuid = {9471BAAE-24CC-4ED1-93E6-602F936E0227}
	EndGlobalSection
EndGlobal
